
Microsoft Visual Studio Solution File, Format Version 12.00
# Visual Studio Version 17
VisualStudioVersion = 17.0.31903.59
MinimumVisualStudioVersion = 10.0.40219.1
Project("{2150E333-8FDC-42A3-9474-1A3956D46DE8}") = "src", "src", "{4C528574-A9A5-47F7-92F8-799DD5792677}"
EndProject
Project("{FAE04EC0-301F-11D3-BF4B-00C04F79EFBC}") = "ForgeEvolve.Contracts", "src\ForgeEvolve.Contracts\ForgeEvolve.Contracts.csproj", "{50072ED0-672D-4740-B1DE-5F2D57022697}"
EndProject
Project("{FAE04EC0-301F-11D3-BF4B-00C04F79EFBC}") = "ForgeEvolve.ModernMds", "tmpc-modern-mds\ForgeEvolve.ModernMds.csproj", "{676B2E8B-AE5F-4F3F-95D9-C752D2A7D5CE}"
EndProject
Project("{FAE04EC0-301F-11D3-BF4B-00C04F79EFBC}") = "ForgeEvolve.Clar", "src\ForgeEvolve.Clar\ForgeEvolve.Clar.csproj", "{BF234F28-C21F-44B0-B0D4-13243E9108E7}"
EndProject
Project("{FAE04EC0-301F-11D3-BF4B-00C04F79EFBC}") = "ForgeEvolve.Governance", "src\ForgeEvolve.Governance\ForgeEvolve.Governance.csproj", "{4BF51059-4AAC-4F3D-9F3C-1F240E0B22BD}"
EndProject
Project("{FAE04EC0-301F-11D3-BF4B-00C04F79EFBC}") = "ForgeEvolve.Orchestrator", "src\ForgeEvolve.Orchestrator\ForgeEvolve.Orchestrator.csproj", "{6BA5111A-03D5-448E-9A24-EC38AD7CFFF6}"
EndProject
Project("{FAE04EC0-301F-11D3-BF4B-00C04F79EFBC}") = "ForgeEvolve.Cato", "src\ForgeEvolve.Cato\ForgeEvolve.Cato.csproj", "{6E520BE1-53A1-4123-BCF3-ABA44CFA8EE9}"
EndProject
Project("{FAE04EC0-301F-11D3-BF4B-00C04F79EFBC}") = "ForgeEvolve.Validation", "src\ForgeEvolve.Validation\ForgeEvolve.Validation.csproj", "{4BDA8BC6-A4BD-4BD4-AD4D-391778C76FD7}"
EndProject
Project("{FAE04EC0-301F-11D3-BF4B-00C04F79EFBC}") = "ForgeEvolve.Planner", "src\ForgeEvolve.Planner\ForgeEvolve.Planner.csproj", "{7B2DD376-2514-4C40-86C7-1C8E68F27B95}"
EndProject
Project("{FAE04EC0-301F-11D3-BF4B-00C04F79EFBC}") = "ForgeEvolve.Transformation", "src\ForgeEvolve.Transformation\ForgeEvolve.Transformation.csproj", "{53780355-9D70-47D4-9DC9-153F301015B6}"
EndProject
Project("{FAE04EC0-301F-11D3-BF4B-00C04F79EFBC}") = "ForgeEvolve.Discovery", "src\ForgeEvolve.Discovery\ForgeEvolve.Discovery.csproj", "{16AC3F57-92CA-47B2-8ABE-467CC32AE320}"
EndProject
Project("{2150E333-8FDC-42A3-9474-1A3956D46DE8}") = "tmpc-modern-mds", "tmpc-modern-mds", "{971FF39E-D40A-40AF-8E9E-242320209260}"
EndProject
Project("{2150E333-8FDC-42A3-9474-1A3956D46DE8}") = "tools", "tools", "{96378D5C-EEFB-482E-B1A6-DB7509895E43}"
EndProject
Project("{FAE04EC0-301F-11D3-BF4B-00C04F79EFBC}") = "ModernCheck", "tmpc-modern-mds\tools\ModernCheck\ModernCheck.csproj", "{F1F020C6-6D61-492A-850D-98C4678A61E5}"
EndProject
Project("{2150E333-8FDC-42A3-9474-1A3956D46DE8}") = "surrogate", "surrogate", "{9DB98F15-617F-4A9F-B091-A1C54AD86EFD}"
EndProject
Project("{2150E333-8FDC-42A3-9474-1A3956D46DE8}") = "tmpc-surrogate-mds", "tmpc-surrogate-mds", "{50440239-376E-4818-8991-49A69865C1FF}"
EndProject
Project("{FAE04EC0-301F-11D3-BF4B-00C04F79EFBC}") = "MissionLegacy", "surrogate\tmpc-surrogate-mds\legacy\MissionLegacy.csproj", "{88D97AA1-5908-415E-823D-62D2D2BFE60A}"
EndProject
Project("{2150E333-8FDC-42A3-9474-1A3956D46DE8}") = "tools", "tools", "{D3DAC752-FD1E-49B8-B4C2-EAAFB55A254C}"
EndProject
Project("{FAE04EC0-301F-11D3-BF4B-00C04F79EFBC}") = "LegacyCheck", "surrogate\tmpc-surrogate-mds\tools\LegacyCheck\LegacyCheck.csproj", "{A1790A00-6EB9-4724-8CD2-265A48A5E095}"
EndProject
Project("{FAE04EC0-301F-11D3-BF4B-00C04F79EFBC}") = "CatoDemo", "src\ForgeEvolve.Cato\demo\CatoDemo.csproj", "{B4FA0625-CB70-433B-BFA2-72618E1F0F36}"
EndProject
Project("{FAE04EC0-301F-11D3-BF4B-00C04F79EFBC}") = "ForgeEvolve.Cato.Tests", "src\ForgeEvolve.Cato\tests\ForgeEvolve.Cato.Tests.csproj", "{6D2BCC17-95B2-45CF-9F4D-FB37C02F6E6C}"
EndProject
Project("{FAE04EC0-301F-11D3-BF4B-00C04F79EFBC}") = "ForgeEvolve.Clar.Tests", "src\ForgeEvolve.Clar\tests\ForgeEvolve.Clar.Tests.csproj", "{74A509D4-7622-4140-BEA0-61DDC4A0440B}"
EndProject
Project("{FAE04EC0-301F-11D3-BF4B-00C04F79EFBC}") = "ForgeEvolve.Discovery.Tests", "src\ForgeEvolve.Discovery\tests\ForgeEvolve.Discovery.Tests.csproj", "{E8C816C8-5232-4B7B-9DB1-17DBC4AA5B43}"
EndProject
Project("{FAE04EC0-301F-11D3-BF4B-00C04F79EFBC}") = "ForgeEvolve.Governance.Demo", "src\ForgeEvolve.Governance\demo\ForgeEvolve.Governance.Demo.csproj", "{C7CFF98D-CD95-427F-B70F-B0165D22A869}"
EndProject
Project("{FAE04EC0-301F-11D3-BF4B-00C04F79EFBC}") = "ForgeEvolve.Governance.Tests", "src\ForgeEvolve.Governance\tests\ForgeEvolve.Governance.Tests.csproj", "{C1EAE133-B3E2-4A18-9FE7-379AC9C32057}"
EndProject
Project("{FAE04EC0-301F-11D3-BF4B-00C04F79EFBC}") = "ForgeEvolve.Orchestrator.Tests", "src\ForgeEvolve.Orchestrator\tests\ForgeEvolve.Orchestrator.Tests.csproj", "{5F3CE5A2-490B-47E4-8026-874B3E5543B3}"
EndProject
Project("{FAE04EC0-301F-11D3-BF4B-00C04F79EFBC}") = "ForgeEvolve.Planner.Tests", "src\ForgeEvolve.Planner\tests\ForgeEvolve.Planner.Tests.csproj", "{C25658B8-B707-45F0-B13F-AD4322854970}"
EndProject
Project("{FAE04EC0-301F-11D3-BF4B-00C04F79EFBC}") = "ForgeEvolve.Transformation.Tests", "src\ForgeEvolve.Transformation\tests\ForgeEvolve.Transformation.Tests.csproj", "{6004E964-25D9-47A5-B113-452A70B91935}"
EndProject
Project("{FAE04EC0-301F-11D3-BF4B-00C04F79EFBC}") = "ForgeEvolve.Validation.Tests", "src\ForgeEvolve.Validation\tests\ForgeEvolve.Validation.Tests.csproj", "{F4491E8B-6D7A-4F32-9FCA-A20E94BFC6C8}"
EndProject
Project("{FAE04EC0-301F-11D3-BF4B-00C04F79EFBC}") = "ForgeEvolve.Cli", "src\ForgeEvolve.Cli\ForgeEvolve.Cli.csproj", "{D41F92EC-E3B6-4F9D-9D91-3CCA162F5244}"
EndProject
Global
	GlobalSection(SolutionConfigurationPlatforms) = preSolution
		Debug|Any CPU = Debug|Any CPU
		Release|Any CPU = Release|Any CPU
	EndGlobalSection
	GlobalSection(SolutionProperties) = preSolution
		HideSolutionNode = FALSE
	EndGlobalSection
	GlobalSection(ProjectConfigurationPlatforms) = postSolution
		{50072ED0-672D-4740-B1DE-5F2D57022697}.Debug|Any CPU.ActiveCfg = Debug|Any CPU
		{50072ED0-672D-4740-B1DE-5F2D57022697}.Debug|Any CPU.Build.0 = Debug|Any CPU
		{50072ED0-672D-4740-B1DE-5F2D57022697}.Release|Any CPU.ActiveCfg = Release|Any CPU
		{50072ED0-672D-4740-B1DE-5F2D57022697}.Release|Any CPU.Build.0 = Release|Any CPU
		{676B2E8B-AE5F-4F3F-95D9-C752D2A7D5CE}.Debug|Any CPU.ActiveCfg = Debug|Any CPU
		{676B2E8B-AE5F-4F3F-95D9-C752D2A7D5CE}.Debug|Any CPU.Build.0 = Debug|Any CPU
		{676B2E8B-AE5F-4F3F-95D9-C752D2A7D5CE}.Release|Any CPU.ActiveCfg = Release|Any CPU
		{676B2E8B-AE5F-4F3F-95D9-C752D2A7D5CE}.Release|Any CPU.Build.0 = Release|Any CPU
		{BF234F28-C21F-44B0-B0D4-13243E9108E7}.Debug|Any CPU.ActiveCfg = Debug|Any CPU
		{BF234F28-C21F-44B0-B0D4-13243E9108E7}.Debug|Any CPU.Build.0 = Debug|Any CPU
		{BF234F28-C21F-44B0-B0D4-13243E9108E7}.Release|Any CPU.ActiveCfg = Release|Any CPU
		{BF234F28-C21F-44B0-B0D4-13243E9108E7}.Release|Any CPU.Build.0 = Release|Any CPU
		{4BF51059-4AAC-4F3D-9F3C-1F240E0B22BD}.Debug|Any CPU.ActiveCfg = Debug|Any CPU
		{4BF51059-4AAC-4F3D-9F3C-1F240E0B22BD}.Debug|Any CPU.Build.0 = Debug|Any CPU
		{4BF51059-4AAC-4F3D-9F3C-1F240E0B22BD}.Release|Any CPU.ActiveCfg = Release|Any CPU
		{4BF51059-4AAC-4F3D-9F3C-1F240E0B22BD}.Release|Any CPU.Build.0 = Release|Any CPU
		{6BA5111A-03D5-448E-9A24-EC38AD7CFFF6}.Debug|Any CPU.ActiveCfg = Debug|Any CPU
		{6BA5111A-03D5-448E-9A24-EC38AD7CFFF6}.Debug|Any CPU.Build.0 = Debug|Any CPU
		{6BA5111A-03D5-448E-9A24-EC38AD7CFFF6}.Release|Any CPU.ActiveCfg = Release|Any CPU
		{6BA5111A-03D5-448E-9A24-EC38AD7CFFF6}.Release|Any CPU.Build.0 = Release|Any CPU
		{6E520BE1-53A1-4123-BCF3-ABA44CFA8EE9}.Debug|Any CPU.ActiveCfg = Debug|Any CPU
		{6E520BE1-53A1-4123-BCF3-ABA44CFA8EE9}.Debug|Any CPU.Build.0 = Debug|Any CPU
		{6E520BE1-53A1-4123-BCF3-ABA44CFA8EE9}.Release|Any CPU.ActiveCfg = Release|Any CPU
		{6E520BE1-53A1-4123-BCF3-ABA44CFA8EE9}.Release|Any CPU.Build.0 = Release|Any CPU
		{4BDA8BC6-A4BD-4BD4-AD4D-391778C76FD7}.Debug|Any CPU.ActiveCfg = Debug|Any CPU
		{4BDA8BC6-A4BD-4BD4-AD4D-391778C76FD7}.Debug|Any CPU.Build.0 = Debug|Any CPU
		{4BDA8BC6-A4BD-4BD4-AD4D-391778C76FD7}.Release|Any CPU.ActiveCfg = Release|Any CPU
		{4BDA8BC6-A4BD-4BD4-AD4D-391778C76FD7}.Release|Any CPU.Build.0 = Release|Any CPU
		{7B2DD376-2514-4C40-86C7-1C8E68F27B95}.Debug|Any CPU.ActiveCfg = Debug|Any CPU
		{7B2DD376-2514-4C40-86C7-1C8E68F27B95}.Debug|Any CPU.Build.0 = Debug|Any CPU
		{7B2DD376-2514-4C40-86C7-1C8E68F27B95}.Release|Any CPU.ActiveCfg = Release|Any CPU
		{7B2DD376-2514-4C40-86C7-1C8E68F27B95}.Release|Any CPU.Build.0 = Release|Any CPU
		{53780355-9D70-47D4-9DC9-153F301015B6}.Debug|Any CPU.ActiveCfg = Debug|Any CPU
		{53780355-9D70-47D4-9DC9-153F301015B6}.Debug|Any CPU.Build.0 = Debug|Any CPU
		{53780355-9D70-47D4-9DC9-153F301015B6}.Release|Any CPU.ActiveCfg = Release|Any CPU
		{53780355-9D70-47D4-9DC9-153F301015B6}.Release|Any CPU.Build.0 = Release|Any CPU
		{16AC3F57-92CA-47B2-8ABE-467CC32AE320}.Debug|Any CPU.ActiveCfg = Debug|Any CPU
		{16AC3F57-92CA-47B2-8ABE-467CC32AE320}.Debug|Any CPU.Build.0 = Debug|Any CPU
		{16AC3F57-92CA-47B2-8ABE-467CC32AE320}.Release|Any CPU.ActiveCfg = Release|Any CPU
		{16AC3F57-92CA-47B2-8ABE-467CC32AE320}.Release|Any CPU.Build.0 = Release|Any CPU
		{F1F020C6-6D61-492A-850D-98C4678A61E5}.Debug|Any CPU.ActiveCfg = Debug|Any CPU
		{F1F020C6-6D61-492A-850D-98C4678A61E5}.Debug|Any CPU.Build.0 = Debug|Any CPU
		{F1F020C6-6D61-492A-850D-98C4678A61E5}.Release|Any CPU.ActiveCfg = Release|Any CPU
		{F1F020C6-6D61-492A-850D-98C4678A61E5}.Release|Any CPU.Build.0 = Release|Any CPU
		{88D97AA1-5908-415E-823D-62D2D2BFE60A}.Debug|Any CPU.ActiveCfg = Debug|Any CPU
		{88D97AA1-5908-415E-823D-62D2D2BFE60A}.Debug|Any CPU.Build.0 = Debug|Any CPU
		{88D97AA1-5908-415E-823D-62D2D2BFE60A}.Release|Any CPU.ActiveCfg = Release|Any CPU
		{88D97AA1-5908-415E-823D-62D2D2BFE60A}.Release|Any CPU.Build.0 = Release|Any CPU
		{A1790A00-6EB9-4724-8CD2-265A48A5E095}.Debug|Any CPU.ActiveCfg = Debug|Any CPU
		{A1790A00-6EB9-4724-8CD2-265A48A5E095}.Debug|Any CPU.Build.0 = Debug|Any CPU
		{A1790A00-6EB9-4724-8CD2-265A48A5E095}.Release|Any CPU.ActiveCfg = Release|Any CPU
		{A1790A00-6EB9-4724-8CD2-265A48A5E095}.Release|Any CPU.Build.0 = Release|Any CPU
		{B4FA0625-CB70-433B-BFA2-72618E1F0F36}.Debug|Any CPU.ActiveCfg = Debug|Any CPU
		{B4FA0625-CB70-433B-BFA2-72618E1F0F36}.Debug|Any CPU.Build.0 = Debug|Any CPU
		{B4FA0625-CB70-433B-BFA2-72618E1F0F36}.Release|Any CPU.ActiveCfg = Release|Any CPU
		{B4FA0625-CB70-433B-BFA2-72618E1F0F36}.Release|Any CPU.Build.0 = Release|Any CPU
		{6D2BCC17-95B2-45CF-9F4D-FB37C02F6E6C}.Debug|Any CPU.ActiveCfg = Debug|Any CPU
		{6D2BCC17-95B2-45CF-9F4D-FB37C02F6E6C}.Debug|Any CPU.Build.0 = Debug|Any CPU
		{6D2BCC17-95B2-45CF-9F4D-FB37C02F6E6C}.Release|Any CPU.ActiveCfg = Release|Any CPU
		{6D2BCC17-95B2-45CF-9F4D-FB37C02F6E6C}.Release|Any CPU.Build.0 = Release|Any CPU
		{74A509D4-7622-4140-BEA0-61DDC4A0440B}.Debug|Any CPU.ActiveCfg = Debug|Any CPU
		{74A509D4-7622-4140-BEA0-61DDC4A0440B}.Debug|Any CPU.Build.0 = Debug|Any CPU
		{74A509D4-7622-4140-BEA0-61DDC4A0440B}.Release|Any CPU.ActiveCfg = Release|Any CPU
		{74A509D4-7622-4140-BEA0-61DDC4A0440B}.Release|Any CPU.Build.0 = Release|Any CPU
		{E8C816C8-5232-4B7B-9DB1-17DBC4AA5B43}.Debug|Any CPU.ActiveCfg = Debug|Any CPU
		{E8C816C8-5232-4B7B-9DB1-17DBC4AA5B43}.Debug|Any CPU.Build.0 = Debug|Any CPU
		{E8C816C8-5232-4B7B-9DB1-17DBC4AA5B43}.Release|Any CPU.ActiveCfg = Release|Any CPU
		{E8C816C8-5232-4B7B-9DB1-17DBC4AA5B43}.Release|Any CPU.Build.0 = Release|Any CPU
		{C7CFF98D-CD95-427F-B70F-B0165D22A869}.Debug|Any CPU.ActiveCfg = Debug|Any CPU
		{C7CFF98D-CD95-427F-B70F-B0165D22A869}.Debug|Any CPU.Build.0 = Debug|Any CPU
		{C7CFF98D-CD95-427F-B70F-B0165D22A869}.Release|Any CPU.ActiveCfg = Release|Any CPU
		{C7CFF98D-CD95-427F-B70F-B0165D22A869}.Release|Any CPU.Build.0 = Release|Any CPU
		{C1EAE133-B3E2-4A18-9FE7-379AC9C32057}.Debug|Any CPU.ActiveCfg = Debug|Any CPU
		{C1EAE133-B3E2-4A18-9FE7-379AC9C32057}.Debug|Any CPU.Build.0 = Debug|Any CPU
		{C1EAE133-B3E2-4A18-9FE7-379AC9C32057}.Release|Any CPU.ActiveCfg = Release|Any CPU
		{C1EAE133-B3E2-4A18-9FE7-379AC9C32057}.Release|Any CPU.Build.0 = Release|Any CPU
		{5F3CE5A2-490B-47E4-8026-874B3E5543B3}.Debug|Any CPU.ActiveCfg = Debug|Any CPU
		{5F3CE5A2-490B-47E4-8026-874B3E5543B3}.Debug|Any CPU.Build.0 = Debug|Any CPU
		{5F3CE5A2-490B-47E4-8026-874B3E5543B3}.Release|Any CPU.ActiveCfg = Release|Any CPU
		{5F3CE5A2-490B-47E4-8026-874B3E5543B3}.Release|Any CPU.Build.0 = Release|Any CPU
		{C25658B8-B707-45F0-B13F-AD4322854970}.Debug|Any CPU.ActiveCfg = Debug|Any CPU
		{C25658B8-B707-45F0-B13F-AD4322854970}.Debug|Any CPU.Build.0 = Debug|Any CPU
		{C25658B8-B707-45F0-B13F-AD4322854970}.Release|Any CPU.ActiveCfg = Release|Any CPU
		{C25658B8-B707-45F0-B13F-AD4322854970}.Release|Any CPU.Build.0 = Release|Any CPU
		{6004E964-25D9-47A5-B113-452A70B91935}.Debug|Any CPU.ActiveCfg = Debug|Any CPU
		{6004E964-25D9-47A5-B113-452A70B91935}.Debug|Any CPU.Build.0 = Debug|Any CPU
		{6004E964-25D9-47A5-B113-452A70B91935}.Release|Any CPU.ActiveCfg = Release|Any CPU
		{6004E964-25D9-47A5-B113-452A70B91935}.Release|Any CPU.Build.0 = Release|Any CPU
		{F4491E8B-6D7A-4F32-9FCA-A20E94BFC6C8}.Debug|Any CPU.ActiveCfg = Debug|Any CPU
		{F4491E8B-6D7A-4F32-9FCA-A20E94BFC6C8}.Debug|Any CPU.Build.0 = Debug|Any CPU
		{F4491E8B-6D7A-4F32-9FCA-A20E94BFC6C8}.Release|Any CPU.ActiveCfg = Release|Any CPU
		{F4491E8B-6D7A-4F32-9FCA-A20E94BFC6C8}.Release|Any CPU.Build.0 = Release|Any CPU
		{D41F92EC-E3B6-4F9D-9D91-3CCA162F5244}.Debug|Any CPU.ActiveCfg = Debug|Any CPU
		{D41F92EC-E3B6-4F9D-9D91-3CCA162F5244}.Debug|Any CPU.Build.0 = Debug|Any CPU
		{D41F92EC-E3B6-4F9D-9D91-3CCA162F5244}.Release|Any CPU.ActiveCfg = Release|Any CPU
		{D41F92EC-E3B6-4F9D-9D91-3CCA162F5244}.Release|Any CPU.Build.0 = Release|Any CPU
	EndGlobalSection
	GlobalSection(NestedProjects) = preSolution
		{50072ED0-672D-4740-B1DE-5F2D57022697} = {4C528574-A9A5-47F7-92F8-799DD5792677}
		{BF234F28-C21F-44B0-B0D4-13243E9108E7} = {4C528574-A9A5-47F7-92F8-799DD5792677}
		{4BF51059-4AAC-4F3D-9F3C-1F240E0B22BD} = {4C528574-A9A5-47F7-92F8-799DD5792677}
		{6BA5111A-03D5-448E-9A24-EC38AD7CFFF6} = {4C528574-A9A5-47F7-92F8-799DD5792677}
		{6E520BE1-53A1-4123-BCF3-ABA44CFA8EE9} = {4C528574-A9A5-47F7-92F8-799DD5792677}
		{4BDA8BC6-A4BD-4BD4-AD4D-391778C76FD7} = {4C528574-A9A5-47F7-92F8-799DD5792677}
		{7B2DD376-2514-4C40-86C7-1C8E68F27B95} = {4C528574-A9A5-47F7-92F8-799DD5792677}
		{53780355-9D70-47D4-9DC9-153F301015B6} = {4C528574-A9A5-47F7-92F8-799DD5792677}
		{16AC3F57-92CA-47B2-8ABE-467CC32AE320} = {4C528574-A9A5-47F7-92F8-799DD5792677}
		{96378D5C-EEFB-482E-B1A6-DB7509895E43} = {971FF39E-D40A-40AF-8E9E-242320209260}
		{F1F020C6-6D61-492A-850D-98C4678A61E5} = {96378D5C-EEFB-482E-B1A6-DB7509895E43}
		{50440239-376E-4818-8991-49A69865C1FF} = {9DB98F15-617F-4A9F-B091-A1C54AD86EFD}
		{88D97AA1-5908-415E-823D-62D2D2BFE60A} = {50440239-376E-4818-8991-49A69865C1FF}
		{D3DAC752-FD1E-49B8-B4C2-EAAFB55A254C} = {50440239-376E-4818-8991-49A69865C1FF}
		{A1790A00-6EB9-4724-8CD2-265A48A5E095} = {D3DAC752-FD1E-49B8-B4C2-EAAFB55A254C}
		{D41F92EC-E3B6-4F9D-9D91-3CCA162F5244} = {4C528574-A9A5-47F7-92F8-799DD5792677}
	EndGlobalSection
EndGlobal
