
Microsoft Visual Studio Solution File, Format Version 12.00
# Visual Studio Version 17
VisualStudioVersion = 17.0.31903.59
MinimumVisualStudioVersion = 10.0.40219.1
Project("{2150E333-8FDC-42A3-9474-1A3956D46DE8}") = "src", "src", "{4C528574-A9A5-47F7-92F8-799DD5792677}"
EndProject
Project("{FAE04EC0-301F-11D3-BF4B-00C04F79EFBC}") = "ForgeEvolve.Contracts", "src\ForgeEvolve.Contracts\ForgeEvolve.Contracts.csproj", "{50072ED0-672D-4740-B1DE-5F2D57022697}"
EndProject
Global
	GlobalSection(SolutionConfigurationPlatforms) = preSolution
		Debug|Any CPU = Debug|Any CPU
		Release|Any CPU = Release|Any CPU
	EndGlobalSection
	GlobalSection(SolutionProperties) = preSolution
		HideSolutionNode = FALSE
	EndGlobalSection
	GlobalSection(ProjectConfigurationPlatforms) = postSolution
		{50072ED0-672D-4740-B1DE-5F2D57022697}.Debug|Any CPU.ActiveCfg = Debug|Any CPU
		{50072ED0-672D-4740-B1DE-5F2D57022697}.Debug|Any CPU.Build.0 = Debug|Any CPU
		{50072ED0-672D-4740-B1DE-5F2D57022697}.Release|Any CPU.ActiveCfg = Release|Any CPU
		{50072ED0-672D-4740-B1DE-5F2D57022697}.Release|Any CPU.Build.0 = Release|Any CPU
	EndGlobalSection
	GlobalSection(NestedProjects) = preSolution
		{50072ED0-672D-4740-B1DE-5F2D57022697} = {4C528574-A9A5-47F7-92F8-799DD5792677}
	EndGlobalSection
EndGlobal
